{
  "name": "the-social-network-desktop",
  "version": "1.0.0",
  "lockfileVersion": 3,
  "requires": true,
  "packages": {
    "": {
      "name": "the-social-network-desktop",
      "version": "1.0.0",
      "license": "MIT",
      "dependencies": {
        "the-social-network-desktop": "file:"
      }
    },
    "node_modules/the-social-network-desktop": {
      "resolved": "",
      "link": true
    }
  }
}
